
Microsoft Visual Studio Solution File, Format Version 12.00
# Visual Studio Version 16
VisualStudioVersion = 16.0.28531.58
MinimumVisualStudioVersion = 10.0.40219.1
Project("{9A19103F-16F7-4668-BE54-9A1E7A4F7556}") = "AcoesDotNet.Model", "AcoesDotNet.Model\AcoesDotNet.Model.csproj", "{2524D986-0AAA-47F5-AD77-0FDFF46637BA}"
EndProject
Project("{2150E333-8FDC-42A3-9474-1A3956D46DE8}") = "01 - Modelagem dos dados", "01 - Modelagem dos dados", "{CA4C7CEB-EB5E-4009-B79D-25F8B32CB6B0}"
EndProject
Project("{2150E333-8FDC-42A3-9474-1A3956D46DE8}") = "04 - Testes", "04 - Testes", "{FDF84087-41DA-4705-90AC-6FAC0970F7AB}"
EndProject
Project("{9A19103F-16F7-4668-BE54-9A1E7A4F7556}") = "AcoesDotNet.Testes", "AcoesDotNet.Testes\AcoesDotNet.Testes.csproj", "{1E199B1D-2316-42FC-AE27-7F04511871B0}"
EndProject
Project("{2150E333-8FDC-42A3-9474-1A3956D46DE8}") = "02 - AcessoDados", "02 - AcessoDados", "{284F5802-6896-4F9E-AA17-2FF01AF1205E}"
EndProject
Project("{9A19103F-16F7-4668-BE54-9A1E7A4F7556}") = "AcoesDotNet.Dal", "AcoesDotNet.Dal\AcoesDotNet.Dal.csproj", "{65E27C08-C167-4F56-9569-D2A78E3C8364}"
EndProject
Project("{9A19103F-16F7-4668-BE54-9A1E7A4F7556}") = "AcoesDotNet.Repository", "AcoesDotNet.Repository\AcoesDotNet.Repository.csproj", "{1DFB5C1A-FDCF-4DFC-8CC3-CED91DC09504}"
EndProject
Project("{2150E333-8FDC-42A3-9474-1A3956D46DE8}") = "03 - Web API", "03 - Web API", "{5A40CF60-0888-4D1E-9991-1CFDCAAED362}"
EndProject
Project("{9A19103F-16F7-4668-BE54-9A1E7A4F7556}") = "AcoesDotNet.Web", "AcoesDotNet.Web\AcoesDotNet.Web.csproj", "{E20FFB13-C7E0-4E50-A1B9-FA13FBA3A3FC}"
EndProject
Global
	GlobalSection(SolutionConfigurationPlatforms) = preSolution
		Debug|Any CPU = Debug|Any CPU
		Release|Any CPU = Release|Any CPU
	EndGlobalSection
	GlobalSection(ProjectConfigurationPlatforms) = postSolution
		{2524D986-0AAA-47F5-AD77-0FDFF46637BA}.Debug|Any CPU.ActiveCfg = Debug|Any CPU
		{2524D986-0AAA-47F5-AD77-0FDFF46637BA}.Debug|Any CPU.Build.0 = Debug|Any CPU
		{2524D986-0AAA-47F5-AD77-0FDFF46637BA}.Release|Any CPU.ActiveCfg = Release|Any CPU
		{2524D986-0AAA-47F5-AD77-0FDFF46637BA}.Release|Any CPU.Build.0 = Release|Any CPU
		{1E199B1D-2316-42FC-AE27-7F04511871B0}.Debug|Any CPU.ActiveCfg = Debug|Any CPU
		{1E199B1D-2316-42FC-AE27-7F04511871B0}.Debug|Any CPU.Build.0 = Debug|Any CPU
		{1E199B1D-2316-42FC-AE27-7F04511871B0}.Release|Any CPU.ActiveCfg = Release|Any CPU
		{1E199B1D-2316-42FC-AE27-7F04511871B0}.Release|Any CPU.Build.0 = Release|Any CPU
		{65E27C08-C167-4F56-9569-D2A78E3C8364}.Debug|Any CPU.ActiveCfg = Debug|Any CPU
		{65E27C08-C167-4F56-9569-D2A78E3C8364}.Debug|Any CPU.Build.0 = Debug|Any CPU
		{65E27C08-C167-4F56-9569-D2A78E3C8364}.Release|Any CPU.ActiveCfg = Release|Any CPU
		{65E27C08-C167-4F56-9569-D2A78E3C8364}.Release|Any CPU.Build.0 = Release|Any CPU
		{1DFB5C1A-FDCF-4DFC-8CC3-CED91DC09504}.Debug|Any CPU.ActiveCfg = Debug|Any CPU
		{1DFB5C1A-FDCF-4DFC-8CC3-CED91DC09504}.Debug|Any CPU.Build.0 = Debug|Any CPU
		{1DFB5C1A-FDCF-4DFC-8CC3-CED91DC09504}.Release|Any CPU.ActiveCfg = Release|Any CPU
		{1DFB5C1A-FDCF-4DFC-8CC3-CED91DC09504}.Release|Any CPU.Build.0 = Release|Any CPU
		{E20FFB13-C7E0-4E50-A1B9-FA13FBA3A3FC}.Debug|Any CPU.ActiveCfg = Debug|Any CPU
		{E20FFB13-C7E0-4E50-A1B9-FA13FBA3A3FC}.Debug|Any CPU.Build.0 = Debug|Any CPU
		{E20FFB13-C7E0-4E50-A1B9-FA13FBA3A3FC}.Release|Any CPU.ActiveCfg = Release|Any CPU
		{E20FFB13-C7E0-4E50-A1B9-FA13FBA3A3FC}.Release|Any CPU.Build.0 = Release|Any CPU
	EndGlobalSection
	GlobalSection(SolutionProperties) = preSolution
		HideSolutionNode = FALSE
	EndGlobalSection
	GlobalSection(NestedProjects) = preSolution
		{2524D986-0AAA-47F5-AD77-0FDFF46637BA} = {CA4C7CEB-EB5E-4009-B79D-25F8B32CB6B0}
		{1E199B1D-2316-42FC-AE27-7F04511871B0} = {FDF84087-41DA-4705-90AC-6FAC0970F7AB}
		{65E27C08-C167-4F56-9569-D2A78E3C8364} = {284F5802-6896-4F9E-AA17-2FF01AF1205E}
		{1DFB5C1A-FDCF-4DFC-8CC3-CED91DC09504} = {284F5802-6896-4F9E-AA17-2FF01AF1205E}
		{E20FFB13-C7E0-4E50-A1B9-FA13FBA3A3FC} = {5A40CF60-0888-4D1E-9991-1CFDCAAED362}
	EndGlobalSection
	GlobalSection(ExtensibilityGlobals) = postSolution
		SolutionGuid = {371AD3C3-22C9-4EDC-AA72-FB7AE777C89B}
	EndGlobalSection
EndGlobal
